// !$*UTF8*$!
{
	archiveVersion = 1;
	classes = {
	};
	objectVersion = 56;
	objects = {

/* Begin PBXBuildFile section */
		0E1AFE1329BF6DFC00E18459 /* LogoView.swift in Sources */ = {isa = PBXBuildFile; fileRef = 0E1AFE1229BF6DFC00E18459 /* LogoView.swift */; };
		0E1AFE1529BF6ECE00E18459 /* ResultView.swift in Sources */ = {isa = PBXBuildFile; fileRef = 0E1AFE1429BF6ECE00E18459 /* ResultView.swift */; };
		0E1AFE1729BF6EDE00E18459 /* BillInputView.swift in Sources */ = {isa = PBXBuildFile; fileRef = 0E1AFE1629BF6EDE00E18459 /* BillInputView.swift */; };
		0E1AFE1929BF6EF000E18459 /* TipInputView.swift in Sources */ = {isa = PBXBuildFile; fileRef = 0E1AFE1829BF6EF000E18459 /* TipInputView.swift */; };
		0E1AFE1B29BF6F0100E18459 /* SplitInputView.swift in Sources */ = {isa = PBXBuildFile; fileRef = 0E1AFE1A29BF6F0100E18459 /* SplitInputView.swift */; };
		0E9022E9297E8F1E005F1FD7 /* AppDelegate.swift in Sources */ = {isa = PBXBuildFile; fileRef = 0E9022E8297E8F1E005F1FD7 /* AppDelegate.swift */; };
		0E9022EB297E8F1E005F1FD7 /* SceneDelegate.swift in Sources */ = {isa = PBXBuildFile; fileRef = 0E9022EA297E8F1E005F1FD7 /* SceneDelegate.swift */; };
		0E9022ED297E8F1E005F1FD7 /* CalculatorViewController.swift in Sources */ = {isa = PBXBuildFile; fileRef = 0E9022EC297E8F1E005F1FD7 /* CalculatorViewController.swift */; };
		0E9022F2297E8F20005F1FD7 /* Assets.xcassets in Resources */ = {isa = PBXBuildFile; fileRef = 0E9022F1297E8F20005F1FD7 /* Assets.xcassets */; };
		0E9022F5297E8F20005F1FD7 /* LaunchScreen.storyboard in Resources */ = {isa = PBXBuildFile; fileRef = 0E9022F3297E8F20005F1FD7 /* LaunchScreen.storyboard */; };
		0E902300297E8F20005F1FD7 /* tip_calculatorTests.swift in Sources */ = {isa = PBXBuildFile; fileRef = 0E9022FF297E8F20005F1FD7 /* tip_calculatorTests.swift */; };
		0E90230A297E8F20005F1FD7 /* tip_calculatorUITests.swift in Sources */ = {isa = PBXBuildFile; fileRef = 0E902309297E8F20005F1FD7 /* tip_calculatorUITests.swift */; };
		0E90230C297E8F20005F1FD7 /* tip_calculatorUITestsLaunchTests.swift in Sources */ = {isa = PBXBuildFile; fileRef = 0E90230B297E8F20005F1FD7 /* tip_calculatorUITestsLaunchTests.swift */; };
		0E90231A297EB9FB005F1FD7 /* CombineCocoa in Frameworks */ = {isa = PBXBuildFile; productRef = 0E902319297EB9FB005F1FD7 /* CombineCocoa */; };
		0E90231D297EBA10005F1FD7 /* SnapKit in Frameworks */ = {isa = PBXBuildFile; productRef = 0E90231C297EBA10005F1FD7 /* SnapKit */; };
		0E902320297EBA3E005F1FD7 /* CombineCocoa in Frameworks */ = {isa = PBXBuildFile; productRef = 0E90231F297EBA3E005F1FD7 /* CombineCocoa */; };
		0E902323297EBA92005F1FD7 /* SnapshotTesting in Frameworks */ = {isa = PBXBuildFile; productRef = 0E902322297EBA92005F1FD7 /* SnapshotTesting */; };
		0E902325297EBAAB005F1FD7 /* CombineCocoa in Frameworks */ = {isa = PBXBuildFile; productRef = 0E902324297EBAAB005F1FD7 /* CombineCocoa */; };
		0ED8942829DC759C0003F9D7 /* UIColor+Extension.swift in Sources */ = {isa = PBXBuildFile; fileRef = 0ED8942729DC759C0003F9D7 /* UIColor+Extension.swift */; };
		0ED8942A29DC75B60003F9D7 /* ThemeColor.swift in Sources */ = {isa = PBXBuildFile; fileRef = 0ED8942929DC75B60003F9D7 /* ThemeColor.swift */; };
		0ED8942C29DC769D0003F9D7 /* ThemeFont.swift in Sources */ = {isa = PBXBuildFile; fileRef = 0ED8942B29DC769D0003F9D7 /* ThemeFont.swift */; };
		0ED8943229E1B0EA0003F9D7 /* ReactorKit in Frameworks */ = {isa = PBXBuildFile; productRef = 0ED8943129E1B0EA0003F9D7 /* ReactorKit */; };
/* End PBXBuildFile section */

/* Begin PBXContainerItemProxy section */
		0E9022FC297E8F20005F1FD7 /* PBXContainerItemProxy */ = {
			isa = PBXContainerItemProxy;
			containerPortal = 0E9022DD297E8F1E005F1FD7 /* Project object */;
			proxyType = 1;
			remoteGlobalIDString = 0E9022E4297E8F1E005F1FD7;
			remoteInfo = "tip-calculator";
		};
		0E902306297E8F20005F1FD7 /* PBXContainerItemProxy */ = {
			isa = PBXContainerItemProxy;
			containerPortal = 0E9022DD297E8F1E005F1FD7 /* Project object */;
			proxyType = 1;
			remoteGlobalIDString = 0E9022E4297E8F1E005F1FD7;
			remoteInfo = "tip-calculator";
		};
/* End PBXContainerItemProxy section */

/* Begin PBXFileReference section */
		0E1AFE1229BF6DFC00E18459 /* LogoView.swift */ = {isa = PBXFileReference; lastKnownFileType = sourcecode.swift; path = LogoView.swift; sourceTree = "<group>"; };
		0E1AFE1429BF6ECE00E18459 /* ResultView.swift */ = {isa = PBXFileReference; lastKnownFileType = sourcecode.swift; path = ResultView.swift; sourceTree = "<group>"; };
		0E1AFE1629BF6EDE00E18459 /* BillInputView.swift */ = {isa = PBXFileReference; lastKnownFileType = sourcecode.swift; path = BillInputView.swift; sourceTree = "<group>"; };
		0E1AFE1829BF6EF000E18459 /* TipInputView.swift */ = {isa = PBXFileReference; lastKnownFileType = sourcecode.swift; path = TipInputView.swift; sourceTree = "<group>"; };
		0E1AFE1A29BF6F0100E18459 /* SplitInputView.swift */ = {isa = PBXFileReference; lastKnownFileType = sourcecode.swift; path = SplitInputView.swift; sourceTree = "<group>"; };
		0E9022E5297E8F1E005F1FD7 /* tip-calculator.app */ = {isa = PBXFileReference; explicitFileType = wrapper.application; includeInIndex = 0; path = "tip-calculator.app"; sourceTree = BUILT_PRODUCTS_DIR; };
		0E9022E8297E8F1E005F1FD7 /* AppDelegate.swift */ = {isa = PBXFileReference; lastKnownFileType = sourcecode.swift; path = AppDelegate.swift; sourceTree = "<group>"; };
		0E9022EA297E8F1E005F1FD7 /* SceneDelegate.swift */ = {isa = PBXFileReference; lastKnownFileType = sourcecode.swift; path = SceneDelegate.swift; sourceTree = "<group>"; };
		0E9022EC297E8F1E005F1FD7 /* CalculatorViewController.swift */ = {isa = PBXFileReference; lastKnownFileType = sourcecode.swift; path = CalculatorViewController.swift; sourceTree = "<group>"; };
		0E9022F1297E8F20005F1FD7 /* Assets.xcassets */ = {isa = PBXFileReference; lastKnownFileType = folder.assetcatalog; path = Assets.xcassets; sourceTree = "<group>"; };
		0E9022F4297E8F20005F1FD7 /* Base */ = {isa = PBXFileReference; lastKnownFileType = file.storyboard; name = Base; path = Base.lproj/LaunchScreen.storyboard; sourceTree = "<group>"; };
		0E9022F6297E8F20005F1FD7 /* Info.plist */ = {isa = PBXFileReference; lastKnownFileType = text.plist.xml; path = Info.plist; sourceTree = "<group>"; };
		0E9022FB297E8F20005F1FD7 /* tip-calculatorTests.xctest */ = {isa = PBXFileReference; explicitFileType = wrapper.cfbundle; includeInIndex = 0; path = "tip-calculatorTests.xctest"; sourceTree = BUILT_PRODUCTS_DIR; };
		0E9022FF297E8F20005F1FD7 /* tip_calculatorTests.swift */ = {isa = PBXFileReference; lastKnownFileType = sourcecode.swift; path = tip_calculatorTests.swift; sourceTree = "<group>"; };
		0E902305297E8F20005F1FD7 /* tip-calculatorUITests.xctest */ = {isa = PBXFileReference; explicitFileType = wrapper.cfbundle; includeInIndex = 0; path = "tip-calculatorUITests.xctest"; sourceTree = BUILT_PRODUCTS_DIR; };
		0E902309297E8F20005F1FD7 /* tip_calculatorUITests.swift */ = {isa = PBXFileReference; lastKnownFileType = sourcecode.swift; path = tip_calculatorUITests.swift; sourceTree = "<group>"; };
		0E90230B297E8F20005F1FD7 /* tip_calculatorUITestsLaunchTests.swift */ = {isa = PBXFileReference; lastKnownFileType = sourcecode.swift; path = tip_calculatorUITestsLaunchTests.swift; sourceTree = "<group>"; };
		0ED8942729DC759C0003F9D7 /* UIColor+Extension.swift */ = {isa = PBXFileReference; lastKnownFileType = sourcecode.swift; path = "UIColor+Extension.swift"; sourceTree = "<group>"; };
		0ED8942929DC75B60003F9D7 /* ThemeColor.swift */ = {isa = PBXFileReference; lastKnownFileType = sourcecode.swift; path = ThemeColor.swift; sourceTree = "<group>"; };
		0ED8942B29DC769D0003F9D7 /* ThemeFont.swift */ = {isa = PBXFileReference; lastKnownFileType = sourcecode.swift; path = ThemeFont.swift; sourceTree = "<group>"; };
/* End PBXFileReference section */

/* Begin PBXFrameworksBuildPhase section */
		0E9022E2297E8F1E005F1FD7 /* Frameworks */ = {
			isa = PBXFrameworksBuildPhase;
			buildActionMask = 2147483647;
			files = (
				0E90231A297EB9FB005F1FD7 /* CombineCocoa in Frameworks */,
				0ED8943229E1B0EA0003F9D7 /* ReactorKit in Frameworks */,
				0E90231D297EBA10005F1FD7 /* SnapKit in Frameworks */,
			);
			runOnlyForDeploymentPostprocessing = 0;
		};
		0E9022F8297E8F20005F1FD7 /* Frameworks */ = {
			isa = PBXFrameworksBuildPhase;
			buildActionMask = 2147483647;
			files = (
				0E902320297EBA3E005F1FD7 /* CombineCocoa in Frameworks */,
				0E902323297EBA92005F1FD7 /* SnapshotTesting in Frameworks */,
			);
			runOnlyForDeploymentPostprocessing = 0;
		};
		0E902302297E8F20005F1FD7 /* Frameworks */ = {
			isa = PBXFrameworksBuildPhase;
			buildActionMask = 2147483647;
			files = (
				0E902325297EBAAB005F1FD7 /* CombineCocoa in Frameworks */,
			);
			runOnlyForDeploymentPostprocessing = 0;
		};
/* End PBXFrameworksBuildPhase section */

/* Begin PBXGroup section */
		0E1AFE1129BF6DEE00E18459 /* view */ = {
			isa = PBXGroup;
			children = (
				0E1AFE1229BF6DFC00E18459 /* LogoView.swift */,
				0E1AFE1429BF6ECE00E18459 /* ResultView.swift */,
				0E1AFE1629BF6EDE00E18459 /* BillInputView.swift */,
				0E1AFE1829BF6EF000E18459 /* TipInputView.swift */,
				0E1AFE1A29BF6F0100E18459 /* SplitInputView.swift */,
			);
			path = view;
			sourceTree = "<group>";
		};
		0E9022DC297E8F1E005F1FD7 = {
			isa = PBXGroup;
			children = (
				0E9022E7297E8F1E005F1FD7 /* tip-calculator */,
				0E9022FE297E8F20005F1FD7 /* tip-calculatorTests */,
				0E902308297E8F20005F1FD7 /* tip-calculatorUITests */,
				0E9022E6297E8F1E005F1FD7 /* Products */,
				0E90231E297EBA3E005F1FD7 /* Frameworks */,
			);
			sourceTree = "<group>";
		};
		0E9022E6297E8F1E005F1FD7 /* Products */ = {
			isa = PBXGroup;
			children = (
				0E9022E5297E8F1E005F1FD7 /* tip-calculator.app */,
				0E9022FB297E8F20005F1FD7 /* tip-calculatorTests.xctest */,
				0E902305297E8F20005F1FD7 /* tip-calculatorUITests.xctest */,
			);
			name = Products;
			sourceTree = "<group>";
		};
		0E9022E7297E8F1E005F1FD7 /* tip-calculator */ = {
			isa = PBXGroup;
			children = (
				0ED8942629DC75290003F9D7 /* extension */,
				0ED8942529DC751C0003F9D7 /* config */,
				0E1AFE1129BF6DEE00E18459 /* view */,
				0E9022E8297E8F1E005F1FD7 /* AppDelegate.swift */,
				0E9022EA297E8F1E005F1FD7 /* SceneDelegate.swift */,
				0E9022EC297E8F1E005F1FD7 /* CalculatorViewController.swift */,
				0E9022F1297E8F20005F1FD7 /* Assets.xcassets */,
				0E9022F3297E8F20005F1FD7 /* LaunchScreen.storyboard */,
				0E9022F6297E8F20005F1FD7 /* Info.plist */,
			);
			path = "tip-calculator";
			sourceTree = "<group>";
		};
		0E9022FE297E8F20005F1FD7 /* tip-calculatorTests */ = {
			isa = PBXGroup;
			children = (
				0E9022FF297E8F20005F1FD7 /* tip_calculatorTests.swift */,
			);
			path = "tip-calculatorTests";
			sourceTree = "<group>";
		};
		0E902308297E8F20005F1FD7 /* tip-calculatorUITests */ = {
			isa = PBXGroup;
			children = (
				0E902309297E8F20005F1FD7 /* tip_calculatorUITests.swift */,
				0E90230B297E8F20005F1FD7 /* tip_calculatorUITestsLaunchTests.swift */,
			);
			path = "tip-calculatorUITests";
			sourceTree = "<group>";
		};
		0E90231E297EBA3E005F1FD7 /* Frameworks */ = {
			isa = PBXGroup;
			children = (
			);
			name = Frameworks;
			sourceTree = "<group>";
		};
		0ED8942529DC751C0003F9D7 /* config */ = {
			isa = PBXGroup;
			children = (
				0ED8942929DC75B60003F9D7 /* ThemeColor.swift */,
				0ED8942B29DC769D0003F9D7 /* ThemeFont.swift */,
			);
			path = config;
			sourceTree = "<group>";
		};
		0ED8942629DC75290003F9D7 /* extension */ = {
			isa = PBXGroup;
			children = (
				0ED8942729DC759C0003F9D7 /* UIColor+Extension.swift */,
			);
			path = extension;
			sourceTree = "<group>";
		};
/* End PBXGroup section */

/* Begin PBXNativeTarget section */
		0E9022E4297E8F1E005F1FD7 /* tip-calculator */ = {
			isa = PBXNativeTarget;
			buildConfigurationList = 0E90230F297E8F20005F1FD7 /* Build configuration list for PBXNativeTarget "tip-calculator" */;
			buildPhases = (
				0E9022E1297E8F1E005F1FD7 /* Sources */,
				0E9022E2297E8F1E005F1FD7 /* Frameworks */,
				0E9022E3297E8F1E005F1FD7 /* Resources */,
			);
			buildRules = (
			);
			dependencies = (
			);
			name = "tip-calculator";
			packageProductDependencies = (
				0E902319297EB9FB005F1FD7 /* CombineCocoa */,
				0E90231C297EBA10005F1FD7 /* SnapKit */,
				0ED8943129E1B0EA0003F9D7 /* ReactorKit */,
			);
			productName = "tip-calculator";
			productReference = 0E9022E5297E8F1E005F1FD7 /* tip-calculator.app */;
			productType = "com.apple.product-type.application";
		};
		0E9022FA297E8F20005F1FD7 /* tip-calculatorTests */ = {
			isa = PBXNativeTarget;
			buildConfigurationList = 0E902312297E8F20005F1FD7 /* Build configuration list for PBXNativeTarget "tip-calculatorTests" */;
			buildPhases = (
				0E9022F7297E8F20005F1FD7 /* Sources */,
				0E9022F8297E8F20005F1FD7 /* Frameworks */,
				0E9022F9297E8F20005F1FD7 /* Resources */,
			);
			buildRules = (
			);
			dependencies = (
				0E9022FD297E8F20005F1FD7 /* PBXTargetDependency */,
			);
			name = "tip-calculatorTests";
			packageProductDependencies = (
				0E90231F297EBA3E005F1FD7 /* CombineCocoa */,
				0E902322297EBA92005F1FD7 /* SnapshotTesting */,
			);
			productName = "tip-calculatorTests";
			productReference = 0E9022FB297E8F20005F1FD7 /* tip-calculatorTests.xctest */;
			productType = "com.apple.product-type.bundle.unit-test";
		};
		0E902304297E8F20005F1FD7 /* tip-calculatorUITests */ = {
			isa = PBXNativeTarget;
			buildConfigurationList = 0E902315297E8F20005F1FD7 /* Build configuration list for PBXNativeTarget "tip-calculatorUITests" */;
			buildPhases = (
				0E902301297E8F20005F1FD7 /* Sources */,
				0E902302297E8F20005F1FD7 /* Frameworks */,
				0E902303297E8F20005F1FD7 /* Resources */,
			);
			buildRules = (
			);
			dependencies = (
				0E902307297E8F20005F1FD7 /* PBXTargetDependency */,
			);
			name = "tip-calculatorUITests";
			packageProductDependencies = (
				0E902324297EBAAB005F1FD7 /* CombineCocoa */,
			);
			productName = "tip-calculatorUITests";
			productReference = 0E902305297E8F20005F1FD7 /* tip-calculatorUITests.xctest */;
			productType = "com.apple.product-type.bundle.ui-testing";
		};
/* End PBXNativeTarget section */

/* Begin PBXProject section */
		0E9022DD297E8F1E005F1FD7 /* Project object */ = {
			isa = PBXProject;
			attributes = {
				BuildIndependentTargetsInParallel = 1;
				LastSwiftUpdateCheck = 1410;
				LastUpgradeCheck = 1410;
				TargetAttributes = {
					0E9022E4297E8F1E005F1FD7 = {
						CreatedOnToolsVersion = 14.1;
					};
					0E9022FA297E8F20005F1FD7 = {
						CreatedOnToolsVersion = 14.1;
						TestTargetID = 0E9022E4297E8F1E005F1FD7;
					};
					0E902304297E8F20005F1FD7 = {
						CreatedOnToolsVersion = 14.1;
						TestTargetID = 0E9022E4297E8F1E005F1FD7;
					};
				};
			};
			buildConfigurationList = 0E9022E0297E8F1E005F1FD7 /* Build configuration list for PBXProject "tip-calculator" */;
			compatibilityVersion = "Xcode 14.0";
			developmentRegion = en;
			hasScannedForEncodings = 0;
			knownRegions = (
				en,
				Base,
			);
			mainGroup = 0E9022DC297E8F1E005F1FD7;
			packageReferences = (
				0E902318297EB9FB005F1FD7 /* XCRemoteSwiftPackageReference "CombineCocoa" */,
				0E90231B297EBA10005F1FD7 /* XCRemoteSwiftPackageReference "SnapKit" */,
				0E902321297EBA91005F1FD7 /* XCRemoteSwiftPackageReference "swift-snapshot-testing" */,
				0ED8943029E1B0EA0003F9D7 /* XCRemoteSwiftPackageReference "ReactorKit" */,
			);
			productRefGroup = 0E9022E6297E8F1E005F1FD7 /* Products */;
			projectDirPath = "";
			projectRoot = "";
			targets = (
				0E9022E4297E8F1E005F1FD7 /* tip-calculator */,
				0E9022FA297E8F20005F1FD7 /* tip-calculatorTests */,
				0E902304297E8F20005F1FD7 /* tip-calculatorUITests */,
			);
		};
/* End PBXProject section */

/* Begin PBXResourcesBuildPhase section */
		0E9022E3297E8F1E005F1FD7 /* Resources */ = {
			isa = PBXResourcesBuildPhase;
			buildActionMask = 2147483647;
			files = (
				0E9022F5297E8F20005F1FD7 /* LaunchScreen.storyboard in Resources */,
				0E9022F2297E8F20005F1FD7 /* Assets.xcassets in Resources */,
			);
			runOnlyForDeploymentPostprocessing = 0;
		};
		0E9022F9297E8F20005F1FD7 /* Resources */ = {
			isa = PBXResourcesBuildPhase;
			buildActionMask = 2147483647;
			files = (
			);
			runOnlyForDeploymentPostprocessing = 0;
		};
		0E902303297E8F20005F1FD7 /* Resources */ = {
			isa = PBXResourcesBuildPhase;
			buildActionMask = 2147483647;
			files = (
			);
			runOnlyForDeploymentPostprocessing = 0;
		};
/* End PBXResourcesBuildPhase section */

/* Begin PBXSourcesBuildPhase section */
		0E9022E1297E8F1E005F1FD7 /* Sources */ = {
			isa = PBXSourcesBuildPhase;
			buildActionMask = 2147483647;
			files = (
				0ED8942C29DC769D0003F9D7 /* ThemeFont.swift in Sources */,
				0E9022ED297E8F1E005F1FD7 /* CalculatorViewController.swift in Sources */,
				0E1AFE1329BF6DFC00E18459 /* LogoView.swift in Sources */,
				0E1AFE1729BF6EDE00E18459 /* BillInputView.swift in Sources */,
				0ED8942829DC759C0003F9D7 /* UIColor+Extension.swift in Sources */,
				0E1AFE1529BF6ECE00E18459 /* ResultView.swift in Sources */,
				0E9022E9297E8F1E005F1FD7 /* AppDelegate.swift in Sources */,
				0E1AFE1B29BF6F0100E18459 /* SplitInputView.swift in Sources */,
				0E9022EB297E8F1E005F1FD7 /* SceneDelegate.swift in Sources */,
				0E1AFE1929BF6EF000E18459 /* TipInputView.swift in Sources */,
				0ED8942A29DC75B60003F9D7 /* ThemeColor.swift in Sources */,
			);
			runOnlyForDeploymentPostprocessing = 0;
		};
		0E9022F7297E8F20005F1FD7 /* Sources */ = {
			isa = PBXSourcesBuildPhase;
			buildActionMask = 2147483647;
			files = (
				0E902300297E8F20005F1FD7 /* tip_calculatorTests.swift in Sources */,
			);
			runOnlyForDeploymentPostprocessing = 0;
		};
		0E902301297E8F20005F1FD7 /* Sources */ = {
			isa = PBXSourcesBuildPhase;
			buildActionMask = 2147483647;
			files = (
				0E90230C297E8F20005F1FD7 /* tip_calculatorUITestsLaunchTests.swift in Sources */,
				0E90230A297E8F20005F1FD7 /* tip_calculatorUITests.swift in Sources */,
			);
			runOnlyForDeploymentPostprocessing = 0;
		};
/* End PBXSourcesBuildPhase section */

/* Begin PBXTargetDependency section */
		0E9022FD297E8F20005F1FD7 /* PBXTargetDependency */ = {
			isa = PBXTargetDependency;
			target = 0E9022E4297E8F1E005F1FD7 /* tip-calculator */;
			targetProxy = 0E9022FC297E8F20005F1FD7 /* PBXContainerItemProxy */;
		};
		0E902307297E8F20005F1FD7 /* PBXTargetDependency */ = {
			isa = PBXTargetDependency;
			target = 0E9022E4297E8F1E005F1FD7 /* tip-calculator */;
			targetProxy = 0E902306297E8F20005F1FD7 /* PBXContainerItemProxy */;
		};
/* End PBXTargetDependency section */

/* Begin PBXVariantGroup section */
		0E9022F3297E8F20005F1FD7 /* LaunchScreen.storyboard */ = {
			isa = PBXVariantGroup;
			children = (
				0E9022F4297E8F20005F1FD7 /* Base */,
			);
			name = LaunchScreen.storyboard;
			sourceTree = "<group>";
		};
/* End PBXVariantGroup section */

/* Begin XCBuildConfiguration section */
		0E90230D297E8F20005F1FD7 /* Debug */ = {
			isa = XCBuildConfiguration;
			buildSettings = {
				ALWAYS_SEARCH_USER_PATHS = NO;
				CLANG_ANALYZER_NONNULL = YES;
				CLANG_ANALYZER_NUMBER_OBJECT_CONVERSION = YES_AGGRESSIVE;
				CLANG_CXX_LANGUAGE_STANDARD = "gnu++20";
				CLANG_ENABLE_MODULES = YES;
				CLANG_ENABLE_OBJC_ARC = YES;
				CLANG_ENABLE_OBJC_WEAK = YES;
				CLANG_WARN_BLOCK_CAPTURE_AUTORELEASING = YES;
				CLANG_WARN_BOOL_CONVERSION = YES;
				CLANG_WARN_COMMA = YES;
				CLANG_WARN_CONSTANT_CONVERSION = YES;
				CLANG_WARN_DEPRECATED_OBJC_IMPLEMENTATIONS = YES;
				CLANG_WARN_DIRECT_OBJC_ISA_USAGE = YES_ERROR;
				CLANG_WARN_DOCUMENTATION_COMMENTS = YES;
				CLANG_WARN_EMPTY_BODY = YES;
				CLANG_WARN_ENUM_CONVERSION = YES;
				CLANG_WARN_INFINITE_RECURSION = YES;
				CLANG_WARN_INT_CONVERSION = YES;
				CLANG_WARN_NON_LITERAL_NULL_CONVERSION = YES;
				CLANG_WARN_OBJC_IMPLICIT_RETAIN_SELF = YES;
				CLANG_WARN_OBJC_LITERAL_CONVERSION = YES;
				CLANG_WARN_OBJC_ROOT_CLASS = YES_ERROR;
				CLANG_WARN_QUOTED_INCLUDE_IN_FRAMEWORK_HEADER = YES;
				CLANG_WARN_RANGE_LOOP_ANALYSIS = YES;
				CLANG_WARN_STRICT_PROTOTYPES = YES;
				CLANG_WARN_SUSPICIOUS_MOVE = YES;
				CLANG_WARN_UNGUARDED_AVAILABILITY = YES_AGGRESSIVE;
				CLANG_WARN_UNREACHABLE_CODE = YES;
				CLANG_WARN__DUPLICATE_METHOD_MATCH = YES;
				COPY_PHASE_STRIP = NO;
				DEBUG_INFORMATION_FORMAT = dwarf;
				ENABLE_STRICT_OBJC_MSGSEND = YES;
				ENABLE_TESTABILITY = YES;
				GCC_C_LANGUAGE_STANDARD = gnu11;
				GCC_DYNAMIC_NO_PIC = NO;
				GCC_NO_COMMON_BLOCKS = YES;
				GCC_OPTIMIZATION_LEVEL = 0;
				GCC_PREPROCESSOR_DEFINITIONS = (
					"DEBUG=1",
					"$(inherited)",
				);
				GCC_WARN_64_TO_32_BIT_CONVERSION = YES;
				GCC_WARN_ABOUT_RETURN_TYPE = YES_ERROR;
				GCC_WARN_UNDECLARED_SELECTOR = YES;
				GCC_WARN_UNINITIALIZED_AUTOS = YES_AGGRESSIVE;
				GCC_WARN_UNUSED_FUNCTION = YES;
				GCC_WARN_UNUSED_VARIABLE = YES;
				IPHONEOS_DEPLOYMENT_TARGET = 16.1;
				MTL_ENABLE_DEBUG_INFO = INCLUDE_SOURCE;
				MTL_FAST_MATH = YES;
				ONLY_ACTIVE_ARCH = YES;
				SDKROOT = iphoneos;
				SWIFT_ACTIVE_COMPILATION_CONDITIONS = DEBUG;
				SWIFT_OPTIMIZATION_LEVEL = "-Onone";
			};
			name = Debug;
		};
		0E90230E297E8F20005F1FD7 /* Release */ = {
			isa = XCBuildConfiguration;
			buildSettings = {
				ALWAYS_SEARCH_USER_PATHS = NO;
				CLANG_ANALYZER_NONNULL = YES;
				CLANG_ANALYZER_NUMBER_OBJECT_CONVERSION = YES_AGGRESSIVE;
				CLANG_CXX_LANGUAGE_STANDARD = "gnu++20";
				CLANG_ENABLE_MODULES = YES;
				CLANG_ENABLE_OBJC_ARC = YES;
				CLANG_ENABLE_OBJC_WEAK = YES;
				CLANG_WARN_BLOCK_CAPTURE_AUTORELEASING = YES;
				CLANG_WARN_BOOL_CONVERSION = YES;
				CLANG_WARN_COMMA = YES;
				CLANG_WARN_CONSTANT_CONVERSION = YES;
				CLANG_WARN_DEPRECATED_OBJC_IMPLEMENTATIONS = YES;
				CLANG_WARN_DIRECT_OBJC_ISA_USAGE = YES_ERROR;
				CLANG_WARN_DOCUMENTATION_COMMENTS = YES;
				CLANG_WARN_EMPTY_BODY = YES;
				CLANG_WARN_ENUM_CONVERSION = YES;
				CLANG_WARN_INFINITE_RECURSION = YES;
				CLANG_WARN_INT_CONVERSION = YES;
				CLANG_WARN_NON_LITERAL_NULL_CONVERSION = YES;
				CLANG_WARN_OBJC_IMPLICIT_RETAIN_SELF = YES;
				CLANG_WARN_OBJC_LITERAL_CONVERSION = YES;
				CLANG_WARN_OBJC_ROOT_CLASS = YES_ERROR;
				CLANG_WARN_QUOTED_INCLUDE_IN_FRAMEWORK_HEADER = YES;
				CLANG_WARN_RANGE_LOOP_ANALYSIS = YES;
				CLANG_WARN_STRICT_PROTOTYPES = YES;
				CLANG_WARN_SUSPICIOUS_MOVE = YES;
				CLANG_WARN_UNGUARDED_AVAILABILITY = YES_AGGRESSIVE;
				CLANG_WARN_UNREACHABLE_CODE = YES;
				CLANG_WARN__DUPLICATE_METHOD_MATCH = YES;
				COPY_PHASE_STRIP = NO;
				DEBUG_INFORMATION_FORMAT = "dwarf-with-dsym";
				ENABLE_NS_ASSERTIONS = NO;
				ENABLE_STRICT_OBJC_MSGSEND = YES;
				GCC_C_LANGUAGE_STANDARD = gnu11;
				GCC_NO_COMMON_BLOCKS = YES;
				GCC_WARN_64_TO_32_BIT_CONVERSION = YES;
				GCC_WARN_ABOUT_RETURN_TYPE = YES_ERROR;
				GCC_WARN_UNDECLARED_SELECTOR = YES;
				GCC_WARN_UNINITIALIZED_AUTOS = YES_AGGRESSIVE;
				GCC_WARN_UNUSED_FUNCTION = YES;
				GCC_WARN_UNUSED_VARIABLE = YES;
				IPHONEOS_DEPLOYMENT_TARGET = 16.1;
				MTL_ENABLE_DEBUG_INFO = NO;
				MTL_FAST_MATH = YES;
				SDKROOT = iphoneos;
				SWIFT_COMPILATION_MODE = wholemodule;
				SWIFT_OPTIMIZATION_LEVEL = "-O";
				VALIDATE_PRODUCT = YES;
			};
			name = Release;
		};
		0E902310297E8F20005F1FD7 /* Debug */ = {
			isa = XCBuildConfiguration;
			buildSettings = {
				ASSETCATALOG_COMPILER_APPICON_NAME = AppIcon;
				ASSETCATALOG_COMPILER_GLOBAL_ACCENT_COLOR_NAME = AccentColor;
				CODE_SIGN_STYLE = Automatic;
				CURRENT_PROJECT_VERSION = 1;
				DEVELOPMENT_TEAM = U8U4L6FXAF;
				GENERATE_INFOPLIST_FILE = YES;
				INFOPLIST_FILE = "tip-calculator/Info.plist";
				INFOPLIST_KEY_UIApplicationSupportsIndirectInputEvents = YES;
				INFOPLIST_KEY_UILaunchStoryboardName = LaunchScreen;
				INFOPLIST_KEY_UISupportedInterfaceOrientations = UIInterfaceOrientationPortrait;
				INFOPLIST_KEY_UISupportedInterfaceOrientations_iPad = UIInterfaceOrientationPortrait;
				LD_RUNPATH_SEARCH_PATHS = (
					"$(inherited)",
					"@executable_path/Frameworks",
				);
				MARKETING_VERSION = 1.0;
				PRODUCT_BUNDLE_IDENTIFIER = "net.mhkang.tip-calculator";
				PRODUCT_NAME = "$(TARGET_NAME)";
				SUPPORTED_PLATFORMS = "iphoneos iphonesimulator";
				SUPPORTS_MACCATALYST = NO;
				SUPPORTS_MAC_DESIGNED_FOR_IPHONE_IPAD = NO;
				SWIFT_EMIT_LOC_STRINGS = YES;
				SWIFT_VERSION = 5.0;
				TARGETED_DEVICE_FAMILY = 1;
			};
			name = Debug;
		};
		0E902311297E8F20005F1FD7 /* Release */ = {
			isa = XCBuildConfiguration;
			buildSettings = {
				ASSETCATALOG_COMPILER_APPICON_NAME = AppIcon;
				ASSETCATALOG_COMPILER_GLOBAL_ACCENT_COLOR_NAME = AccentColor;
				CODE_SIGN_STYLE = Automatic;
				CURRENT_PROJECT_VERSION = 1;
				DEVELOPMENT_TEAM = U8U4L6FXAF;
				GENERATE_INFOPLIST_FILE = YES;
				INFOPLIST_FILE = "tip-calculator/Info.plist";
				INFOPLIST_KEY_UIApplicationSupportsIndirectInputEvents = YES;
				INFOPLIST_KEY_UILaunchStoryboardName = LaunchScreen;
				INFOPLIST_KEY_UISupportedInterfaceOrientations = UIInterfaceOrientationPortrait;
				INFOPLIST_KEY_UISupportedInterfaceOrientations_iPad = UIInterfaceOrientationPortrait;
				LD_RUNPATH_SEARCH_PATHS = (
					"$(inherited)",
					"@executable_path/Frameworks",
				);
				MARKETING_VERSION = 1.0;
				PRODUCT_BUNDLE_IDENTIFIER = "net.mhkang.tip-calculator";
				PRODUCT_NAME = "$(TARGET_NAME)";
				SUPPORTED_PLATFORMS = "iphoneos iphonesimulator";
				SUPPORTS_MACCATALYST = NO;
				SUPPORTS_MAC_DESIGNED_FOR_IPHONE_IPAD = NO;
				SWIFT_EMIT_LOC_STRINGS = YES;
				SWIFT_VERSION = 5.0;
				TARGETED_DEVICE_FAMILY = 1;
			};
			name = Release;
		};
		0E902313297E8F20005F1FD7 /* Debug */ = {
			isa = XCBuildConfiguration;
			buildSettings = {
				ALWAYS_EMBED_SWIFT_STANDARD_LIBRARIES = YES;
				BUNDLE_LOADER = "$(TEST_HOST)";
				CODE_SIGN_STYLE = Automatic;
				CURRENT_PROJECT_VERSION = 1;
				DEVELOPMENT_TEAM = U8U4L6FXAF;
				GENERATE_INFOPLIST_FILE = YES;
				IPHONEOS_DEPLOYMENT_TARGET = 16.1;
				MARKETING_VERSION = 1.0;
				PRODUCT_BUNDLE_IDENTIFIER = "net.mhkang.tip-calculatorTests";
				PRODUCT_NAME = "$(TARGET_NAME)";
				SWIFT_EMIT_LOC_STRINGS = NO;
				SWIFT_VERSION = 5.0;
				TARGETED_DEVICE_FAMILY = "1,2";
				TEST_HOST = "$(BUILT_PRODUCTS_DIR)/tip-calculator.app/$(BUNDLE_EXECUTABLE_FOLDER_PATH)/tip-calculator";
			};
			name = Debug;
		};
		0E902314297E8F20005F1FD7 /* Release */ = {
			isa = XCBuildConfiguration;
			buildSettings = {
				ALWAYS_EMBED_SWIFT_STANDARD_LIBRARIES = YES;
				BUNDLE_LOADER = "$(TEST_HOST)";
				CODE_SIGN_STYLE = Automatic;
				CURRENT_PROJECT_VERSION = 1;
				DEVELOPMENT_TEAM = U8U4L6FXAF;
				GENERATE_INFOPLIST_FILE = YES;
				IPHONEOS_DEPLOYMENT_TARGET = 16.1;
				MARKETING_VERSION = 1.0;
				PRODUCT_BUNDLE_IDENTIFIER = "net.mhkang.tip-calculatorTests";
				PRODUCT_NAME = "$(TARGET_NAME)";
				SWIFT_EMIT_LOC_STRINGS = NO;
				SWIFT_VERSION = 5.0;
				TARGETED_DEVICE_FAMILY = "1,2";
				TEST_HOST = "$(BUILT_PRODUCTS_DIR)/tip-calculator.app/$(BUNDLE_EXECUTABLE_FOLDER_PATH)/tip-calculator";
			};
			name = Release;
		};
		0E902316297E8F20005F1FD7 /* Debug */ = {
			isa = XCBuildConfiguration;
			buildSettings = {
				ALWAYS_EMBED_SWIFT_STANDARD_LIBRARIES = YES;
				CODE_SIGN_STYLE = Automatic;
				CURRENT_PROJECT_VERSION = 1;
				DEVELOPMENT_TEAM = U8U4L6FXAF;
				GENERATE_INFOPLIST_FILE = YES;
				MARKETING_VERSION = 1.0;
				PRODUCT_BUNDLE_IDENTIFIER = "net.mhkang.tip-calculatorUITests";
				PRODUCT_NAME = "$(TARGET_NAME)";
				SWIFT_EMIT_LOC_STRINGS = NO;
				SWIFT_VERSION = 5.0;
				TARGETED_DEVICE_FAMILY = "1,2";
				TEST_TARGET_NAME = "tip-calculator";
			};
			name = Debug;
		};
		0E902317297E8F20005F1FD7 /* Release */ = {
			isa = XCBuildConfiguration;
			buildSettings = {
				ALWAYS_EMBED_SWIFT_STANDARD_LIBRARIES = YES;
				CODE_SIGN_STYLE = Automatic;
				CURRENT_PROJECT_VERSION = 1;
				DEVELOPMENT_TEAM = U8U4L6FXAF;
				GENERATE_INFOPLIST_FILE = YES;
				MARKETING_VERSION = 1.0;
				PRODUCT_BUNDLE_IDENTIFIER = "net.mhkang.tip-calculatorUITests";
				PRODUCT_NAME = "$(TARGET_NAME)";
				SWIFT_EMIT_LOC_STRINGS = NO;
				SWIFT_VERSION = 5.0;
				TARGETED_DEVICE_FAMILY = "1,2";
				TEST_TARGET_NAME = "tip-calculator";
			};
			name = Release;
		};
/* End XCBuildConfiguration section */

/* Begin XCConfigurationList section */
		0E9022E0297E8F1E005F1FD7 /* Build configuration list for PBXProject "tip-calculator" */ = {
			isa = XCConfigurationList;
			buildConfigurations = (
				0E90230D297E8F20005F1FD7 /* Debug */,
				0E90230E297E8F20005F1FD7 /* Release */,
			);
			defaultConfigurationIsVisible = 0;
			defaultConfigurationName = Release;
		};
		0E90230F297E8F20005F1FD7 /* Build configuration list for PBXNativeTarget "tip-calculator" */ = {
			isa = XCConfigurationList;
			buildConfigurations = (
				0E902310297E8F20005F1FD7 /* Debug */,
				0E902311297E8F20005F1FD7 /* Release */,
			);
			defaultConfigurationIsVisible = 0;
			defaultConfigurationName = Release;
		};
		0E902312297E8F20005F1FD7 /* Build configuration list for PBXNativeTarget "tip-calculatorTests" */ = {
			isa = XCConfigurationList;
			buildConfigurations = (
				0E902313297E8F20005F1FD7 /* Debug */,
				0E902314297E8F20005F1FD7 /* Release */,
			);
			defaultConfigurationIsVisible = 0;
			defaultConfigurationName = Release;
		};
		0E902315297E8F20005F1FD7 /* Build configuration list for PBXNativeTarget "tip-calculatorUITests" */ = {
			isa = XCConfigurationList;
			buildConfigurations = (
				0E902316297E8F20005F1FD7 /* Debug */,
				0E902317297E8F20005F1FD7 /* Release */,
			);
			defaultConfigurationIsVisible = 0;
			defaultConfigurationName = Release;
		};
/* End XCConfigurationList section */

/* Begin XCRemoteSwiftPackageReference section */
		0E902318297EB9FB005F1FD7 /* XCRemoteSwiftPackageReference "CombineCocoa" */ = {
			isa = XCRemoteSwiftPackageReference;
			repositoryURL = "https://github.com/CombineCommunity/CombineCocoa.git";
			requirement = {
				kind = upToNextMinorVersion;
				minimumVersion = 0.4.1;
			};
		};
		0E90231B297EBA10005F1FD7 /* XCRemoteSwiftPackageReference "SnapKit" */ = {
			isa = XCRemoteSwiftPackageReference;
			repositoryURL = "https://github.com/SnapKit/SnapKit.git";
			requirement = {
				kind = upToNextMinorVersion;
				minimumVersion = 5.6.0;
			};
		};
		0E902321297EBA91005F1FD7 /* XCRemoteSwiftPackageReference "swift-snapshot-testing" */ = {
			isa = XCRemoteSwiftPackageReference;
			repositoryURL = "https://github.com/pointfreeco/swift-snapshot-testing.git";
			requirement = {
				kind = upToNextMinorVersion;
				minimumVersion = 1.9.0;
			};
		};
		0ED8943029E1B0EA0003F9D7 /* XCRemoteSwiftPackageReference "ReactorKit" */ = {
			isa = XCRemoteSwiftPackageReference;
			repositoryURL = "https://github.com/ReactorKit/ReactorKit.git";
			requirement = {
				kind = upToNextMajorVersion;
				minimumVersion = 3.0.0;
			};
		};
/* End XCRemoteSwiftPackageReference section */

/* Begin XCSwiftPackageProductDependency section */
		0E902319297EB9FB005F1FD7 /* CombineCocoa */ = {
			isa = XCSwiftPackageProductDependency;
			package = 0E902318297EB9FB005F1FD7 /* XCRemoteSwiftPackageReference "CombineCocoa" */;
			productName = CombineCocoa;
		};
		0E90231C297EBA10005F1FD7 /* SnapKit */ = {
			isa = XCSwiftPackageProductDependency;
			package = 0E90231B297EBA10005F1FD7 /* XCRemoteSwiftPackageReference "SnapKit" */;
			productName = SnapKit;
		};
		0E90231F297EBA3E005F1FD7 /* CombineCocoa */ = {
			isa = XCSwiftPackageProductDependency;
			package = 0E902318297EB9FB005F1FD7 /* XCRemoteSwiftPackageReference "CombineCocoa" */;
			productName = CombineCocoa;
		};
		0E902322297EBA92005F1FD7 /* SnapshotTesting */ = {
			isa = XCSwiftPackageProductDependency;
			package = 0E902321297EBA91005F1FD7 /* XCRemoteSwiftPackageReference "swift-snapshot-testing" */;
			productName = SnapshotTesting;
		};
		0E902324297EBAAB005F1FD7 /* CombineCocoa */ = {
			isa = XCSwiftPackageProductDependency;
			package = 0E902318297EB9FB005F1FD7 /* XCRemoteSwiftPackageReference "CombineCocoa" */;
			productName = CombineCocoa;
		};
		0ED8943129E1B0EA0003F9D7 /* ReactorKit */ = {
			isa = XCSwiftPackageProductDependency;
			package = 0ED8943029E1B0EA0003F9D7 /* XCRemoteSwiftPackageReference "ReactorKit" */;
			productName = ReactorKit;
		};
/* End XCSwiftPackageProductDependency section */
	};
	rootObject = 0E9022DD297E8F1E005F1FD7 /* Project object */;
}
